// !$*UTF8*$!
{
	archiveVersion = 1;
	classes = {
	};
	objectVersion = 46;
	objects = {

/* Begin PBXBuildFile section */
		68ADC6881E6C1F1A00D93A24 /* AppDelegate.swift in Sources */ = {isa = PBXBuildFile; fileRef = 68ADC6871E6C1F1A00D93A24 /* AppDelegate.swift */; };
		68ADC68A1E6C1F1A00D93A24 /* ViewController.swift in Sources */ = {isa = PBXBuildFile; fileRef = 68ADC6891E6C1F1A00D93A24 /* ViewController.swift */; };
		68ADC68D1E6C1F1A00D93A24 /* Main.storyboard in Resources */ = {isa = PBXBuildFile; fileRef = 68ADC68B1E6C1F1A00D93A24 /* Main.storyboard */; };
		68ADC68F1E6C1F1A00D93A24 /* Assets.xcassets in Resources */ = {isa = PBXBuildFile; fileRef = 68ADC68E1E6C1F1A00D93A24 /* Assets.xcassets */; };
		68ADC6921E6C1F1A00D93A24 /* LaunchScreen.storyboard in Resources */ = {isa = PBXBuildFile; fileRef = 68ADC6901E6C1F1A00D93A24 /* LaunchScreen.storyboard */; };
		68ADC69D1E6C1F1A00D93A24 /* SampeAppTests.swift in Sources */ = {isa = PBXBuildFile; fileRef = 68ADC69C1E6C1F1A00D93A24 /* SampeAppTests.swift */; };
		68ADC6A81E6C1F1A00D93A24 /* SampeAppUITests.swift in Sources */ = {isa = PBXBuildFile; fileRef = 68ADC6A71E6C1F1A00D93A24 /* SampeAppUITests.swift */; };
/* End PBXBuildFile section */

/* Begin PBXContainerItemProxy section */
		68ADC6991E6C1F1A00D93A24 /* PBXContainerItemProxy */ = {
			isa = PBXContainerItemProxy;
			containerPortal = 68ADC67C1E6C1F1A00D93A24 /* Project object */;
			proxyType = 1;
			remoteGlobalIDString = 68ADC6831E6C1F1A00D93A24;
			remoteInfo = SampeApp;
		};
		68ADC6A41E6C1F1A00D93A24 /* PBXContainerItemProxy */ = {
			isa = PBXContainerItemProxy;
			containerPortal = 68ADC67C1E6C1F1A00D93A24 /* Project object */;
			proxyType = 1;
			remoteGlobalIDString = 68ADC6831E6C1F1A00D93A24;
			remoteInfo = SampeApp;
		};
/* End PBXContainerItemProxy section */

/* Begin PBXFileReference section */
		68ADC6841E6C1F1A00D93A24 /* SampeApp.app */ = {isa = PBXFileReference; explicitFileType = wrapper.application; includeInIndex = 0; path = SampeApp.app; sourceTree = BUILT_PRODUCTS_DIR; };
		68ADC6871E6C1F1A00D93A24 /* AppDelegate.swift */ = {isa = PBXFileReference; lastKnownFileType = sourcecode.swift; path = AppDelegate.swift; sourceTree = "<group>"; };
		68ADC6891E6C1F1A00D93A24 /* ViewController.swift */ = {isa = PBXFileReference; lastKnownFileType = sourcecode.swift; path = ViewController.swift; sourceTree = "<group>"; };
		68ADC68C1E6C1F1A00D93A24 /* Base */ = {isa = PBXFileReference; lastKnownFileType = file.storyboard; name = Base; path = Base.lproj/Main.storyboard; sourceTree = "<group>"; };
		68ADC68E1E6C1F1A00D93A24 /* Assets.xcassets */ = {isa = PBXFileReference; lastKnownFileType = folder.assetcatalog; path = Assets.xcassets; sourceTree = "<group>"; };
		68ADC6911E6C1F1A00D93A24 /* Base */ = {isa = PBXFileReference; lastKnownFileType = file.storyboard; name = Base; path = Base.lproj/LaunchScreen.storyboard; sourceTree = "<group>"; };
		68ADC6931E6C1F1A00D93A24 /* Info.plist */ = {isa = PBXFileReference; lastKnownFileType = text.plist.xml; path = Info.plist; sourceTree = "<group>"; };
		68ADC6981E6C1F1A00D93A24 /* SampeAppTests.xctest */ = {isa = PBXFileReference; explicitFileType = wrapper.cfbundle; includeInIndex = 0; path = SampeAppTests.xctest; sourceTree = BUILT_PRODUCTS_DIR; };
		68ADC69C1E6C1F1A00D93A24 /* SampeAppTests.swift */ = {isa = PBXFileReference; lastKnownFileType = sourcecode.swift; path = SampeAppTests.swift; sourceTree = "<group>"; };
		68ADC69E1E6C1F1A00D93A24 /* Info.plist */ = {isa = PBXFileReference; lastKnownFileType = text.plist.xml; path = Info.plist; sourceTree = "<group>"; };
		68ADC6A31E6C1F1A00D93A24 /* SampeAppUITests.xctest */ = {isa = PBXFileReference; explicitFileType = wrapper.cfbundle; includeInIndex = 0; path = SampeAppUITests.xctest; sourceTree = BUILT_PRODUCTS_DIR; };
		68ADC6A71E6C1F1A00D93A24 /* SampeAppUITests.swift */ = {isa = PBXFileReference; lastKnownFileType = sourcecode.swift; path = SampeAppUITests.swift; sourceTree = "<group>"; };
		68ADC6A91E6C1F1A00D93A24 /* Info.plist */ = {isa = PBXFileReference; lastKnownFileType = text.plist.xml; path = Info.plist; sourceTree = "<group>"; };
/* End PBXFileReference section */

/* Begin PBXFrameworksBuildPhase section */
		68ADC6811E6C1F1A00D93A24 /* Frameworks */ = {
			isa = PBXFrameworksBuildPhase;
			buildActionMask = 2147483647;
			files = (
			);
			runOnlyForDeploymentPostprocessing = 0;
		};
		68ADC6951E6C1F1A00D93A24 /* Frameworks */ = {
			isa = PBXFrameworksBuildPhase;
			buildActionMask = 2147483647;
			files = (
			);
			runOnlyForDeploymentPostprocessing = 0;
		};
		68ADC6A01E6C1F1A00D93A24 /* Frameworks */ = {
			isa = PBXFrameworksBuildPhase;
			buildActionMask = 2147483647;
			files = (
			);
			runOnlyForDeploymentPostprocessing = 0;
		};
/* End PBXFrameworksBuildPhase section */

/* Begin PBXGroup section */
		68ADC67B1E6C1F1A00D93A24 = {
			isa = PBXGroup;
			children = (
				68ADC6861E6C1F1A00D93A24 /* SampeApp */,
				68ADC69B1E6C1F1A00D93A24 /* SampeAppTests */,
				68ADC6A61E6C1F1A00D93A24 /* SampeAppUITests */,
				68ADC6851E6C1F1A00D93A24 /* Products */,
			);
			sourceTree = "<group>";
		};
		68ADC6851E6C1F1A00D93A24 /* Products */ = {
			isa = PBXGroup;
			children = (
				68ADC6841E6C1F1A00D93A24 /* SampeApp.app */,
				68ADC6981E6C1F1A00D93A24 /* SampeAppTests.xctest */,
				68ADC6A31E6C1F1A00D93A24 /* SampeAppUITests.xctest */,
			);
			name = Products;
			sourceTree = "<group>";
		};
		68ADC6861E6C1F1A00D93A24 /* SampeApp */ = {
			isa = PBXGroup;
			children = (
				68ADC6871E6C1F1A00D93A24 /* AppDelegate.swift */,
				68ADC6891E6C1F1A00D93A24 /* ViewController.swift */,
				68ADC68B1E6C1F1A00D93A24 /* Main.storyboard */,
				68ADC68E1E6C1F1A00D93A24 /* Assets.xcassets */,
				68ADC6901E6C1F1A00D93A24 /* LaunchScreen.storyboard */,
				68ADC6931E6C1F1A00D93A24 /* Info.plist */,
			);
			path = SampeApp;
			sourceTree = "<group>";
		};
		68ADC69B1E6C1F1A00D93A24 /* SampeAppTests */ = {
			isa = PBXGroup;
			children = (
				68ADC69C1E6C1F1A00D93A24 /* SampeAppTests.swift */,
				68ADC69E1E6C1F1A00D93A24 /* Info.plist */,
			);
			path = SampeAppTests;
			sourceTree = "<group>";
		};
		68ADC6A61E6C1F1A00D93A24 /* SampeAppUITests */ = {
			isa = PBXGroup;
			children = (
				68ADC6A71E6C1F1A00D93A24 /* SampeAppUITests.swift */,
				68ADC6A91E6C1F1A00D93A24 /* Info.plist */,
			);
			path = SampeAppUITests;
			sourceTree = "<group>";
		};
/* End PBXGroup section */

/* Begin PBXNativeTarget section */
		68ADC6831E6C1F1A00D93A24 /* SampeApp */ = {
			isa = PBXNativeTarget;
			buildConfigurationList = 68ADC6AC1E6C1F1A00D93A24 /* Build configuration list for PBXNativeTarget "SampeApp" */;
			buildPhases = (
				68ADC6801E6C1F1A00D93A24 /* Sources */,
				68ADC6811E6C1F1A00D93A24 /* Frameworks */,
				68ADC6821E6C1F1A00D93A24 /* Resources */,
			);
			buildRules = (
			);
			dependencies = (
			);
			name = SampeApp;
			productName = SampeApp;
			productReference = 68ADC6841E6C1F1A00D93A24 /* SampeApp.app */;
			productType = "com.apple.product-type.application";
		};
		68ADC6971E6C1F1A00D93A24 /* SampeAppTests */ = {
			isa = PBXNativeTarget;
			buildConfigurationList = 68ADC6AF1E6C1F1A00D93A24 /* Build configuration list for PBXNativeTarget "SampeAppTests" */;
			buildPhases = (
				68ADC6941E6C1F1A00D93A24 /* Sources */,
				68ADC6951E6C1F1A00D93A24 /* Frameworks */,
				68ADC6961E6C1F1A00D93A24 /* Resources */,
			);
			buildRules = (
			);
			dependencies = (
				68ADC69A1E6C1F1A00D93A24 /* PBXTargetDependency */,
			);
			name = SampeAppTests;
			productName = SampeAppTests;
			productReference = 68ADC6981E6C1F1A00D93A24 /* SampeAppTests.xctest */;
			productType = "com.apple.product-type.bundle.unit-test";
		};
		68ADC6A21E6C1F1A00D93A24 /* SampeAppUITests */ = {
			isa = PBXNativeTarget;
			buildConfigurationList = 68ADC6B21E6C1F1A00D93A24 /* Build configuration list for PBXNativeTarget "SampeAppUITests" */;
			buildPhases = (
				68ADC69F1E6C1F1A00D93A24 /* Sources */,
				68ADC6A01E6C1F1A00D93A24 /* Frameworks */,
				68ADC6A11E6C1F1A00D93A24 /* Resources */,
			);
			buildRules = (
			);
			dependencies = (
				68ADC6A51E6C1F1A00D93A24 /* PBXTargetDependency */,
			);
			name = SampeAppUITests;
			productName = SampeAppUITests;
			productReference = 68ADC6A31E6C1F1A00D93A24 /* SampeAppUITests.xctest */;
			productType = "com.apple.product-type.bundle.ui-testing";
		};
/* End PBXNativeTarget section */

/* Begin PBXProject section */
		68ADC67C1E6C1F1A00D93A24 /* Project object */ = {
			isa = PBXProject;
			attributes = {
				LastSwiftUpdateCheck = 0730;
				LastUpgradeCheck = 0730;
				ORGANIZATIONNAME = "RIR Technologies";
				TargetAttributes = {
					68ADC6831E6C1F1A00D93A24 = {
						CreatedOnToolsVersion = 7.3;
					};
					68ADC6971E6C1F1A00D93A24 = {
						CreatedOnToolsVersion = 7.3;
						TestTargetID = 68ADC6831E6C1F1A00D93A24;
					};
					68ADC6A21E6C1F1A00D93A24 = {
						CreatedOnToolsVersion = 7.3;
						TestTargetID = 68ADC6831E6C1F1A00D93A24;
					};
				};
			};
			buildConfigurationList = 68ADC67F1E6C1F1A00D93A24 /* Build configuration list for PBXProject "SampeApp" */;
			compatibilityVersion = "Xcode 3.2";
			developmentRegion = English;
			hasScannedForEncodings = 0;
			knownRegions = (
				en,
				Base,
			);
			mainGroup = 68ADC67B1E6C1F1A00D93A24;
			productRefGroup = 68ADC6851E6C1F1A00D93A24 /* Products */;
			projectDirPath = "";
			projectRoot = "";
			targets = (
				68ADC6831E6C1F1A00D93A24 /* SampeApp */,
				68ADC6971E6C1F1A00D93A24 /* SampeAppTests */,
				68ADC6A21E6C1F1A00D93A24 /* SampeAppUITests */,
			);
		};
/* End PBXProject section */

/* Begin PBXResourcesBuildPhase section */
		68ADC6821E6C1F1A00D93A24 /* Resources */ = {
			isa = PBXResourcesBuildPhase;
			buildActionMask = 2147483647;
			files = (
				68ADC6921E6C1F1A00D93A24 /* LaunchScreen.storyboard in Resources */,
				68ADC68F1E6C1F1A00D93A24 /* Assets.xcassets in Resources */,
				68ADC68D1E6C1F1A00D93A24 /* Main.storyboard in Resources */,
			);
			runOnlyForDeploymentPostprocessing = 0;
		};
		68ADC6961E6C1F1A00D93A24 /* Resources */ = {
			isa = PBXResourcesBuildPhase;
			buildActionMask = 2147483647;
			files = (
			);
			runOnlyForDeploymentPostprocessing = 0;
		};
		68ADC6A11E6C1F1A00D93A24 /* Resources */ = {
			isa = PBXResourcesBuildPhase;
			buildActionMask = 2147483647;
			files = (
			);
			runOnlyForDeploymentPostprocessing = 0;
		};
/* End PBXResourcesBuildPhase section */

/* Begin PBXSourcesBuildPhase section */
		68ADC6801E6C1F1A00D93A24 /* Sources */ = {
			isa = PBXSourcesBuildPhase;
			buildActionMask = 2147483647;
			files = (
				68ADC68A1E6C1F1A00D93A24 /* ViewController.swift in Sources */,
				68ADC6881E6C1F1A00D93A24 /* AppDelegate.swift in Sources */,
			);
			runOnlyForDeploymentPostprocessing = 0;
		};
		68ADC6941E6C1F1A00D93A24 /* Sources */ = {
			isa = PBXSourcesBuildPhase;
			buildActionMask = 2147483647;
			files = (
				68ADC69D1E6C1F1A00D93A24 /* SampeAppTests.swift in Sources */,
			);
			runOnlyForDeploymentPostprocessing = 0;
		};
		68ADC69F1E6C1F1A00D93A24 /* Sources */ = {
			isa = PBXSourcesBuildPhase;
			buildActionMask = 2147483647;
			files = (
				68ADC6A81E6C1F1A00D93A24 /* SampeAppUITests.swift in Sources */,
			);
			runOnlyForDeploymentPostprocessing = 0;
		};
/* End PBXSourcesBuildPhase section */

/* Begin PBXTargetDependency section */
		68ADC69A1E6C1F1A00D93A24 /* PBXTargetDependency */ = {
			isa = PBXTargetDependency;
			target = 68ADC6831E6C1F1A00D93A24 /* SampeApp */;
			targetProxy = 68ADC6991E6C1F1A00D93A24 /* PBXContainerItemProxy */;
		};
		68ADC6A51E6C1F1A00D93A24 /* PBXTargetDependency */ = {
			isa = PBXTargetDependency;
			target = 68ADC6831E6C1F1A00D93A24 /* SampeApp */;
			targetProxy = 68ADC6A41E6C1F1A00D93A24 /* PBXContainerItemProxy */;
		};
/* End PBXTargetDependency section */

/* Begin PBXVariantGroup section */
		68ADC68B1E6C1F1A00D93A24 /* Main.storyboard */ = {
			isa = PBXVariantGroup;
			children = (
				68ADC68C1E6C1F1A00D93A24 /* Base */,
			);
			name = Main.storyboard;
			sourceTree = "<group>";
		};
		68ADC6901E6C1F1A00D93A24 /* LaunchScreen.storyboard */ = {
			isa = PBXVariantGroup;
			children = (
				68ADC6911E6C1F1A00D93A24 /* Base */,
			);
			name = LaunchScreen.storyboard;
			sourceTree = "<group>";
		};
/* End PBXVariantGroup section */

/* Begin XCBuildConfiguration section */
		68ADC6AA1E6C1F1A00D93A24 /* Debug */ = {
			isa = XCBuildConfiguration;
			buildSettings = {
				ALWAYS_SEARCH_USER_PATHS = NO;
				CLANG_ANALYZER_NONNULL = YES;
				CLANG_CXX_LANGUAGE_STANDARD = "gnu++0x";
				CLANG_CXX_LIBRARY = "libc++";
				CLANG_ENABLE_MODULES = YES;
				CLANG_ENABLE_OBJC_ARC = YES;
				CLANG_WARN_BOOL_CONVERSION = YES;
				CLANG_WARN_CONSTANT_CONVERSION = YES;
				CLANG_WARN_DIRECT_OBJC_ISA_USAGE = YES_ERROR;
				CLANG_WARN_EMPTY_BODY = YES;
				CLANG_WARN_ENUM_CONVERSION = YES;
				CLANG_WARN_INT_CONVERSION = YES;
				CLANG_WARN_OBJC_ROOT_CLASS = YES_ERROR;
				CLANG_WARN_UNREACHABLE_CODE = YES;
				CLANG_WARN__DUPLICATE_METHOD_MATCH = YES;
				"CODE_SIGN_IDENTITY[sdk=iphoneos*]" = "iPhone Developer";
				COPY_PHASE_STRIP = NO;
				DEBUG_INFORMATION_FORMAT = dwarf;
				ENABLE_STRICT_OBJC_MSGSEND = YES;
				ENABLE_TESTABILITY = YES;
				GCC_C_LANGUAGE_STANDARD = gnu99;
				GCC_DYNAMIC_NO_PIC = NO;
				GCC_NO_COMMON_BLOCKS = YES;
				GCC_OPTIMIZATION_LEVEL = 0;
				GCC_PREPROCESSOR_DEFINITIONS = (
					"DEBUG=1",
					"$(inherited)",
				);
				GCC_WARN_64_TO_32_BIT_CONVERSION = YES;
				GCC_WARN_ABOUT_RETURN_TYPE = YES_ERROR;
				GCC_WARN_UNDECLARED_SELECTOR = YES;
				GCC_WARN_UNINITIALIZED_AUTOS = YES_AGGRESSIVE;
				GCC_WARN_UNUSED_FUNCTION = YES;
				GCC_WARN_UNUSED_VARIABLE = YES;
				IPHONEOS_DEPLOYMENT_TARGET = 9.3;
				MTL_ENABLE_DEBUG_INFO = YES;
				ONLY_ACTIVE_ARCH = YES;
				SDKROOT = iphoneos;
				SWIFT_OPTIMIZATION_LEVEL = "-Onone";
			};
			name = Debug;
		};
		68ADC6AB1E6C1F1A00D93A24 /* Release */ = {
			isa = XCBuildConfiguration;
			buildSettings = {
				ALWAYS_SEARCH_USER_PATHS = NO;
				CLANG_ANALYZER_NONNULL = YES;
				CLANG_CXX_LANGUAGE_STANDARD = "gnu++0x";
				CLANG_CXX_LIBRARY = "libc++";
				CLANG_ENABLE_MODULES = YES;
				CLANG_ENABLE_OBJC_ARC = YES;
				CLANG_WARN_BOOL_CONVERSION = YES;
				CLANG_WARN_CONSTANT_CONVERSION = YES;
				CLANG_WARN_DIRECT_OBJC_ISA_USAGE = YES_ERROR;
				CLANG_WARN_EMPTY_BODY = YES;
				CLANG_WARN_ENUM_CONVERSION = YES;
				CLANG_WARN_INT_CONVERSION = YES;
				CLANG_WARN_OBJC_ROOT_CLASS = YES_ERROR;
				CLANG_WARN_UNREACHABLE_CODE = YES;
				CLANG_WARN__DUPLICATE_METHOD_MATCH = YES;
				"CODE_SIGN_IDENTITY[sdk=iphoneos*]" = "iPhone Developer";
				COPY_PHASE_STRIP = NO;
				DEBUG_INFORMATION_FORMAT = "dwarf-with-dsym";
				ENABLE_NS_ASSERTIONS = NO;
				ENABLE_STRICT_OBJC_MSGSEND = YES;
				GCC_C_LANGUAGE_STANDARD = gnu99;
				GCC_NO_COMMON_BLOCKS = YES;
				GCC_WARN_64_TO_32_BIT_CONVERSION = YES;
				GCC_WARN_ABOUT_RETURN_TYPE = YES_ERROR;
				GCC_WARN_UNDECLARED_SELECTOR = YES;
				GCC_WARN_UNINITIALIZED_AUTOS = YES_AGGRESSIVE;
				GCC_WARN_UNUSED_FUNCTION = YES;
				GCC_WARN_UNUSED_VARIABLE = YES;
				IPHONEOS_DEPLOYMENT_TARGET = 9.3;
				MTL_ENABLE_DEBUG_INFO = NO;
				SDKROOT = iphoneos;
				VALIDATE_PRODUCT = YES;
			};
			name = Release;
		};
		68ADC6AD1E6C1F1A00D93A24 /* Debug */ = {
			isa = XCBuildConfiguration;
			buildSettings = {
				ASSETCATALOG_COMPILER_APPICON_NAME = AppIcon;
				INFOPLIST_FILE = SampeApp/Info.plist;
				LD_RUNPATH_SEARCH_PATHS = "$(inherited) @executable_path/Frameworks";
				PRODUCT_BUNDLE_IDENTIFIER = RIRTech.SampeApp;
				PRODUCT_NAME = "$(TARGET_NAME)";
			};
			name = Debug;
		};
		68ADC6AE1E6C1F1A00D93A24 /* Release */ = {
			isa = XCBuildConfiguration;
			buildSettings = {
				ASSETCATALOG_COMPILER_APPICON_NAME = AppIcon;
				INFOPLIST_FILE = SampeApp/Info.plist;
				LD_RUNPATH_SEARCH_PATHS = "$(inherited) @executable_path/Frameworks";
				PRODUCT_BUNDLE_IDENTIFIER = RIRTech.SampeApp;
				PRODUCT_NAME = "$(TARGET_NAME)";
			};
			name = Release;
		};
		68ADC6B01E6C1F1A00D93A24 /* Debug */ = {
			isa = XCBuildConfiguration;
			buildSettings = {
				BUNDLE_LOADER = "$(TEST_HOST)";
				INFOPLIST_FILE = SampeAppTests/Info.plist;
				LD_RUNPATH_SEARCH_PATHS = "$(inherited) @executable_path/Frameworks @loader_path/Frameworks";
				PRODUCT_BUNDLE_IDENTIFIER = RIRTech.SampeAppTests;
				PRODUCT_NAME = "$(TARGET_NAME)";
				TEST_HOST = "$(BUILT_PRODUCTS_DIR)/SampeApp.app/SampeApp";
			};
			name = Debug;
		};
		68ADC6B11E6C1F1A00D93A24 /* Release */ = {
			isa = XCBuildConfiguration;
			buildSettings = {
				BUNDLE_LOADER = "$(TEST_HOST)";
				INFOPLIST_FILE = SampeAppTests/Info.plist;
				LD_RUNPATH_SEARCH_PATHS = "$(inherited) @executable_path/Frameworks @loader_path/Frameworks";
				PRODUCT_BUNDLE_IDENTIFIER = RIRTech.SampeAppTests;
				PRODUCT_NAME = "$(TARGET_NAME)";
				TEST_HOST = "$(BUILT_PRODUCTS_DIR)/SampeApp.app/SampeApp";
			};
			name = Release;
		};
		68ADC6B31E6C1F1A00D93A24 /* Debug */ = {
			isa = XCBuildConfiguration;
			buildSettings = {
				INFOPLIST_FILE = SampeAppUITests/Info.plist;
				LD_RUNPATH_SEARCH_PATHS = "$(inherited) @executable_path/Frameworks @loader_path/Frameworks";
				PRODUCT_BUNDLE_IDENTIFIER = RIRTech.SampeAppUITests;
				PRODUCT_NAME = "$(TARGET_NAME)";
				TEST_TARGET_NAME = SampeApp;
			};
			name = Debug;
		};
		68ADC6B41E6C1F1A00D93A24 /* Release */ = {
			isa = XCBuildConfiguration;
			buildSettings = {
				INFOPLIST_FILE = SampeAppUITests/Info.plist;
				LD_RUNPATH_SEARCH_PATHS = "$(inherited) @executable_path/Frameworks @loader_path/Frameworks";
				PRODUCT_BUNDLE_IDENTIFIER = RIRTech.SampeAppUITests;
				PRODUCT_NAME = "$(TARGET_NAME)";
				TEST_TARGET_NAME = SampeApp;
			};
			name = Release;
		};
/* End XCBuildConfiguration section */

/* Begin XCConfigurationList section */
		68ADC67F1E6C1F1A00D93A24 /* Build configuration list for PBXProject "SampeApp" */ = {
			isa = XCConfigurationList;
			buildConfigurations = (
				68ADC6AA1E6C1F1A00D93A24 /* Debug */,
				68ADC6AB1E6C1F1A00D93A24 /* Release */,
			);
			defaultConfigurationIsVisible = 0;
			defaultConfigurationName = Release;
		};
		68ADC6AC1E6C1F1A00D93A24 /* Build configuration list for PBXNativeTarget "SampeApp" */ = {
			isa = XCConfigurationList;
			buildConfigurations = (
				68ADC6AD1E6C1F1A00D93A24 /* Debug */,
				68ADC6AE1E6C1F1A00D93A24 /* Release */,
			);
			defaultConfigurationIsVisible = 0;
		};
		68ADC6AF1E6C1F1A00D93A24 /* Build configuration list for PBXNativeTarget "SampeAppTests" */ = {
			isa = XCConfigurationList;
			buildConfigurations = (
				68ADC6B01E6C1F1A00D93A24 /* Debug */,
				68ADC6B11E6C1F1A00D93A24 /* Release */,
			);
			defaultConfigurationIsVisible = 0;
		};
		68ADC6B21E6C1F1A00D93A24 /* Build configuration list for PBXNativeTarget "SampeAppUITests" */ = {
			isa = XCConfigurationList;
			buildConfigurations = (
				68ADC6B31E6C1F1A00D93A24 /* Debug */,
				68ADC6B41E6C1F1A00D93A24 /* Release */,
			);
			defaultConfigurationIsVisible = 0;
		};
/* End XCConfigurationList section */
	};
	rootObject = 68ADC67C1E6C1F1A00D93A24 /* Project object */;
}
